
Microsoft Visual Studio Solution File, Format Version 12.00
# Visual Studio 2013
VisualStudioVersion = 12.0.21005.1
MinimumVisualStudioVersion = 10.0.40219.1
Project("{FAE04EC0-301F-11D3-BF4B-00C04F79EFBC}") = "TwiceService", "TwiceService\TwiceService.csproj", "{6C89C074-FE5F-403C-8EB7-49F9EC1C920D}"
EndProject
Project("{FAE04EC0-301F-11D3-BF4B-00C04F79EFBC}") = "Jolie", "..\c-sharp_library\JolieLib\Jolie\Jolie.csproj", "{D8F8762F-D135-4852-81D2-CA6685CC09F0}"
EndProject
Global
	GlobalSection(SolutionConfigurationPlatforms) = preSolution
		Debug|Any CPU = Debug|Any CPU
		Release|Any CPU = Release|Any CPU
	EndGlobalSection
	GlobalSection(ProjectConfigurationPlatforms) = postSolution
		{6C89C074-FE5F-403C-8EB7-49F9EC1C920D}.Debug|Any CPU.ActiveCfg = Debug|Any CPU
		{6C89C074-FE5F-403C-8EB7-49F9EC1C920D}.Debug|Any CPU.Build.0 = Debug|Any CPU
		{6C89C074-FE5F-403C-8EB7-49F9EC1C920D}.Release|Any CPU.ActiveCfg = Release|Any CPU
		{6C89C074-FE5F-403C-8EB7-49F9EC1C920D}.Release|Any CPU.Build.0 = Release|Any CPU
		{D8F8762F-D135-4852-81D2-CA6685CC09F0}.Debug|Any CPU.ActiveCfg = Debug|Any CPU
		{D8F8762F-D135-4852-81D2-CA6685CC09F0}.Debug|Any CPU.Build.0 = Debug|Any CPU
		{D8F8762F-D135-4852-81D2-CA6685CC09F0}.Release|Any CPU.ActiveCfg = Release|Any CPU
		{D8F8762F-D135-4852-81D2-CA6685CC09F0}.Release|Any CPU.Build.0 = Release|Any CPU
	EndGlobalSection
	GlobalSection(SolutionProperties) = preSolution
		HideSolutionNode = FALSE
	EndGlobalSection
EndGlobal
